
Microsoft Visual Studio Solution File, Format Version 10.00
# Visual Studio 2008
Project("{FAE04EC0-301F-11D3-BF4B-00C04F79EFBC}") = "Goban", "Goban.csproj", "{C7ADF692-C28A-4EC9-A55C-E8E353E3932E}"
EndProject
Global
	GlobalSection(SolutionConfigurationPlatforms) = preSolution
		Debug|Any CPU = Debug|Any CPU
		Release|Any CPU = Release|Any CPU
	EndGlobalSection
	GlobalSection(ProjectConfigurationPlatforms) = postSolution
		{C7ADF692-C28A-4EC9-A55C-E8E353E3932E}.Debug|Any CPU.ActiveCfg = Debug|Any CPU
		{C7ADF692-C28A-4EC9-A55C-E8E353E3932E}.Debug|Any CPU.Build.0 = Debug|Any CPU
		{C7ADF692-C28A-4EC9-A55C-E8E353E3932E}.Release|Any CPU.ActiveCfg = Release|Any CPU
		{C7ADF692-C28A-4EC9-A55C-E8E353E3932E}.Release|Any CPU.Build.0 = Release|Any CPU
	EndGlobalSection
	GlobalSection(SolutionProperties) = preSolution
		HideSolutionNode = FALSE
	EndGlobalSection
EndGlobal
